
Microsoft Visual Studio Solution File, Format Version 12.00
# Visual Studio Version 17
VisualStudioVersion = 17.4.33213.308
MinimumVisualStudioVersion = 10.0.40219.1
Project("{FAE04EC0-301F-11D3-BF4B-00C04F79EFBC}") = "CadastroClientes", "CadastroClientes\CadastroClientes.csproj", "{BCF193FE-874D-4F82-9227-E0489A017F10}"
EndProject
Global
	GlobalSection(SolutionConfigurationPlatforms) = preSolution
		Debug|Any CPU = Debug|Any CPU
		Release|Any CPU = Release|Any CPU
	EndGlobalSection
	GlobalSection(ProjectConfigurationPlatforms) = postSolution
		{BCF193FE-874D-4F82-9227-E0489A017F10}.Debug|Any CPU.ActiveCfg = Debug|Any CPU
		{BCF193FE-874D-4F82-9227-E0489A017F10}.Debug|Any CPU.Build.0 = Debug|Any CPU
		{BCF193FE-874D-4F82-9227-E0489A017F10}.Release|Any CPU.ActiveCfg = Release|Any CPU
		{BCF193FE-874D-4F82-9227-E0489A017F10}.Release|Any CPU.Build.0 = Release|Any CPU
	EndGlobalSection
	GlobalSection(SolutionProperties) = preSolution
		HideSolutionNode = FALSE
	EndGlobalSection
	GlobalSection(ExtensibilityGlobals) = postSolution
		SolutionGuid = {347BE071-A15C-4395-B607-8AF8F71FBE87}
	EndGlobalSection
EndGlobal
